<?xml version="1.0" encoding="utf-8"?>
<Project ToolsVersion="4.0" xmlns="http://schemas.microsoft.com/developer/msbuild/2003">
  <ItemGroup>
    <FxCompile Include="Resources\Shaders\BasicPS.hlsl" />
    <FxCompile Include="Resources\Shaders\BasicVS.hlsl" />
    <FxCompile Include="Resources\Shaders\FBXPS.hlsl" />
    <FxCompile Include="Resources\Shaders\FBXVS.hlsl" />
    <FxCompile Include="Resources\Shaders\ObjPS.hlsl" />
    <FxCompile Include="Resources\Shaders\ObjVS.hlsl" />
    <FxCompile Include="Resources\Shaders\ParticleGS.hlsl" />
    <FxCompile Include="Resources\Shaders\ParticlePS.hlsl" />
    <FxCompile Include="Resources\Shaders\ParticleVS.hlsl" />
    <FxCompile Include="Resources\Shaders\SpritePS.hlsl" />
    <FxCompile Include="Resources\Shaders\SpriteVS.hlsl" />
  </ItemGroup>
  <ItemGroup>
    <ClCompile Include="Audio.cpp" />
    <ClCompile Include="Boss.cpp" />
    <ClCompile Include="Camera.cpp" />
    <ClCompile Include="Collision.cpp" />
    <ClCompile Include="CollisionManager.cpp" />
    <ClCompile Include="CollisionPrimitive.cpp" />
    <ClCompile Include="ControllerInput.cpp" />
    <ClCompile Include="DebugText.cpp" />
    <ClCompile Include="DirectXCommon.cpp" />
    <ClCompile Include="FbxCollisionManager.cpp" />
    <ClCompile Include="FbxDraw.cpp" />
    <ClCompile Include="FbxInput.cpp" />
    <ClCompile Include="FbxMeshCollider.cpp" />
    <ClCompile Include="FbxModel.cpp" />
    <ClCompile Include="FbxSphereCollider.cpp" />
    <ClCompile Include="GameScene.cpp" />
    <ClCompile Include="KeyboardInput.cpp" />
    <ClCompile Include="main.cpp" />
    <ClCompile Include="mCollision.cpp" />
    <ClCompile Include="MeshCollider.cpp" />
    <ClCompile Include="ModelInput.cpp" />
    <ClCompile Include="ModelDraw.cpp" />
    <ClCompile Include="ModelManager.cpp" />
    <ClCompile Include="Object3D.cpp" />
    <ClCompile Include="OBJObject.cpp" />
    <ClCompile Include="ParticleManager.cpp" />
    <ClCompile Include="Primitive.cpp" />
    <ClCompile Include="SphereCollider.cpp" />
    <ClCompile Include="Sprite.cpp" />
    <ClCompile Include="Player.cpp" />
    <ClCompile Include="SceneManager.cpp" />
    <ClCompile Include="Title.cpp" />
    <ClCompile Include="EndGame.cpp" />
    <ClCompile Include="Weapon.cpp" />
    <ClCompile Include="WindowsAPI.cpp" />
  </ItemGroup>
  <ItemGroup>
    <ClInclude Include="Audio.h" />
    <ClInclude Include="BaseCollider.h" />
    <ClInclude Include="Boss.h" />
    <ClInclude Include="Camera.h" />
    <ClInclude Include="Collision.h" />
    <ClInclude Include="CollisionInfo.h" />
    <ClInclude Include="CollisionManager.h" />
    <ClInclude Include="CollisionPrimitive.h" />
    <ClInclude Include="CollisionTypes.h" />
    <ClInclude Include="ControllerInput.h" />
    <ClInclude Include="DebugText.h" />
    <ClInclude Include="DirectXCommon.h" />
    <ClInclude Include="FbxBaseCollider.h" />
    <ClInclude Include="FbxCollisionManager.h" />
    <ClInclude Include="FbxDraw.h" />
    <ClInclude Include="FbxInput.h" />
    <ClInclude Include="FbxMeshCollider.h" />
    <ClInclude Include="FbxModel.h" />
    <ClInclude Include="FbxSphereCollider.h" />
    <ClInclude Include="GameScene.h" />
    <ClInclude Include="KeyboardInput.h" />
    <ClInclude Include="mCollision.h" />
    <ClInclude Include="MeshCollider.h" />
    <ClInclude Include="ModelInput.h" />
    <ClInclude Include="ModelDraw.h" />
    <ClInclude Include="ModelManager.h" />
    <ClInclude Include="Object3D.h" />
    <ClInclude Include="OBJObject.h" />
    <ClInclude Include="ParticleManager.h" />
    <ClInclude Include="Primitive.h" />
    <ClInclude Include="SphereCollider.h" />
    <ClInclude Include="Sprite.h" />
    <ClInclude Include="Player.h" />
    <ClInclude Include="SafeDelete.h" />
    <ClInclude Include="SceneManager.h" />
    <ClInclude Include="Title.h" />
    <ClInclude Include="EndGame.h" />
    <ClInclude Include="Vector3.h" />
    <ClInclude Include="Weapon.h" />
    <ClInclude Include="WindowsAPI.h" />
  </ItemGroup>
  <ItemGroup>
    <None Include="Resources\Shaders\Basic.hlsli" />
    <None Include="Resources\Shaders\FBX.hlsli" />
    <None Include="Resources\Shaders\Obj.hlsli" />
    <None Include="Resources\Shaders\Particle.hlsli" />
    <None Include="Resources\Shaders\Sprite.hlsli" />
  </ItemGroup>
</Project>